// !$*UTF8*$!
{
	archiveVersion = 1;
	classes = {
	};
	objectVersion = 46;
	objects = {

/* Begin PBXBuildFile section */
		8EE440221EAD4E5B0064631C /* AppDelegate.swift in Sources */ = {isa = PBXBuildFile; fileRef = 8EE440211EAD4E5B0064631C /* AppDelegate.swift */; };
		8EE440241EAD4E5B0064631C /* ViewController.swift in Sources */ = {isa = PBXBuildFile; fileRef = 8EE440231EAD4E5B0064631C /* ViewController.swift */; };
		8EE440271EAD4E5B0064631C /* Main.storyboard in Resources */ = {isa = PBXBuildFile; fileRef = 8EE440251EAD4E5B0064631C /* Main.storyboard */; };
		8EE440291EAD4E5B0064631C /* Assets.xcassets in Resources */ = {isa = PBXBuildFile; fileRef = 8EE440281EAD4E5B0064631C /* Assets.xcassets */; };
		8EE4402C1EAD4E5B0064631C /* LaunchScreen.storyboard in Resources */ = {isa = PBXBuildFile; fileRef = 8EE4402A1EAD4E5B0064631C /* LaunchScreen.storyboard */; };
		8EE440351EAD4E940064631C /* SSPPullToRefreshView.swift in Sources */ = {isa = PBXBuildFile; fileRef = 8EE440331EAD4E940064631C /* SSPPullToRefreshView.swift */; };
		8EE440361EAD4E940064631C /* SSPActivityIndicatorView.swift in Sources */ = {isa = PBXBuildFile; fileRef = 8EE440341EAD4E940064631C /* SSPActivityIndicatorView.swift */; };
		8EE440421EAE68540064631C /* SSPLayerSpeedActivityView.swift in Sources */ = {isa = PBXBuildFile; fileRef = 8EE440411EAE68540064631C /* SSPLayerSpeedActivityView.swift */; };
		8EE440441EAE68700064631C /* SSPDefaultActivityView.swift in Sources */ = {isa = PBXBuildFile; fileRef = 8EE440431EAE68700064631C /* SSPDefaultActivityView.swift */; };
/* End PBXBuildFile section */

/* Begin PBXFileReference section */
		8EE4401E1EAD4E5B0064631C /* SSPPullToRefresh.app */ = {isa = PBXFileReference; explicitFileType = wrapper.application; includeInIndex = 0; path = SSPPullToRefresh.app; sourceTree = BUILT_PRODUCTS_DIR; };
		8EE440211EAD4E5B0064631C /* AppDelegate.swift */ = {isa = PBXFileReference; lastKnownFileType = sourcecode.swift; path = AppDelegate.swift; sourceTree = "<group>"; };
		8EE440231EAD4E5B0064631C /* ViewController.swift */ = {isa = PBXFileReference; lastKnownFileType = sourcecode.swift; path = ViewController.swift; sourceTree = "<group>"; };
		8EE440261EAD4E5B0064631C /* Base */ = {isa = PBXFileReference; lastKnownFileType = file.storyboard; name = Base; path = Base.lproj/Main.storyboard; sourceTree = "<group>"; };
		8EE440281EAD4E5B0064631C /* Assets.xcassets */ = {isa = PBXFileReference; lastKnownFileType = folder.assetcatalog; path = Assets.xcassets; sourceTree = "<group>"; };
		8EE4402B1EAD4E5B0064631C /* Base */ = {isa = PBXFileReference; lastKnownFileType = file.storyboard; name = Base; path = Base.lproj/LaunchScreen.storyboard; sourceTree = "<group>"; };
		8EE4402D1EAD4E5B0064631C /* Info.plist */ = {isa = PBXFileReference; lastKnownFileType = text.plist.xml; path = Info.plist; sourceTree = "<group>"; };
		8EE440331EAD4E940064631C /* SSPPullToRefreshView.swift */ = {isa = PBXFileReference; fileEncoding = 4; lastKnownFileType = sourcecode.swift; path = SSPPullToRefreshView.swift; sourceTree = "<group>"; };
		8EE440341EAD4E940064631C /* SSPActivityIndicatorView.swift */ = {isa = PBXFileReference; fileEncoding = 4; lastKnownFileType = sourcecode.swift; path = SSPActivityIndicatorView.swift; sourceTree = "<group>"; };
		8EE440411EAE68540064631C /* SSPLayerSpeedActivityView.swift */ = {isa = PBXFileReference; fileEncoding = 4; lastKnownFileType = sourcecode.swift; path = SSPLayerSpeedActivityView.swift; sourceTree = "<group>"; };
		8EE440431EAE68700064631C /* SSPDefaultActivityView.swift */ = {isa = PBXFileReference; fileEncoding = 4; lastKnownFileType = sourcecode.swift; path = SSPDefaultActivityView.swift; sourceTree = "<group>"; };
/* End PBXFileReference section */

/* Begin PBXFrameworksBuildPhase section */
		8EE4401B1EAD4E5B0064631C /* Frameworks */ = {
			isa = PBXFrameworksBuildPhase;
			buildActionMask = 2147483647;
			files = (
			);
			runOnlyForDeploymentPostprocessing = 0;
		};
/* End PBXFrameworksBuildPhase section */

/* Begin PBXGroup section */
		8EE440151EAD4E5B0064631C = {
			isa = PBXGroup;
			children = (
				8EE440201EAD4E5B0064631C /* SSPPullToRefresh */,
				8EE4401F1EAD4E5B0064631C /* Products */,
			);
			sourceTree = "<group>";
		};
		8EE4401F1EAD4E5B0064631C /* Products */ = {
			isa = PBXGroup;
			children = (
				8EE4401E1EAD4E5B0064631C /* SSPPullToRefresh.app */,
			);
			name = Products;
			sourceTree = "<group>";
		};
		8EE440201EAD4E5B0064631C /* SSPPullToRefresh */ = {
			isa = PBXGroup;
			children = (
				8EE440211EAD4E5B0064631C /* AppDelegate.swift */,
				8EE440231EAD4E5B0064631C /* ViewController.swift */,
				8EE440331EAD4E940064631C /* SSPPullToRefreshView.swift */,
				8EE440341EAD4E940064631C /* SSPActivityIndicatorView.swift */,
				8EE440411EAE68540064631C /* SSPLayerSpeedActivityView.swift */,
				8EE440431EAE68700064631C /* SSPDefaultActivityView.swift */,
				8EE440251EAD4E5B0064631C /* Main.storyboard */,
				8EE440281EAD4E5B0064631C /* Assets.xcassets */,
				8EE4402A1EAD4E5B0064631C /* LaunchScreen.storyboard */,
				8EE4402D1EAD4E5B0064631C /* Info.plist */,
			);
			path = SSPPullToRefresh;
			sourceTree = "<group>";
		};
/* End PBXGroup section */

/* Begin PBXNativeTarget section */
		8EE4401D1EAD4E5B0064631C /* SSPPullToRefresh */ = {
			isa = PBXNativeTarget;
			buildConfigurationList = 8EE440301EAD4E5B0064631C /* Build configuration list for PBXNativeTarget "SSPPullToRefresh" */;
			buildPhases = (
				8EE4401A1EAD4E5B0064631C /* Sources */,
				8EE4401B1EAD4E5B0064631C /* Frameworks */,
				8EE4401C1EAD4E5B0064631C /* Resources */,
			);
			buildRules = (
			);
			dependencies = (
			);
			name = SSPPullToRefresh;
			productName = SSPPullToRefresh;
			productReference = 8EE4401E1EAD4E5B0064631C /* SSPPullToRefresh.app */;
			productType = "com.apple.product-type.application";
		};
/* End PBXNativeTarget section */

/* Begin PBXProject section */
		8EE440161EAD4E5B0064631C /* Project object */ = {
			isa = PBXProject;
			attributes = {
				LastSwiftUpdateCheck = 0810;
				LastUpgradeCheck = 0810;
				ORGANIZATIONNAME = SSP;
				TargetAttributes = {
					8EE4401D1EAD4E5B0064631C = {
						CreatedOnToolsVersion = 8.1;
						DevelopmentTeam = 5L27B35HEP;
						ProvisioningStyle = Automatic;
					};
				};
			};
			buildConfigurationList = 8EE440191EAD4E5B0064631C /* Build configuration list for PBXProject "SSPPullToRefresh" */;
			compatibilityVersion = "Xcode 3.2";
			developmentRegion = English;
			hasScannedForEncodings = 0;
			knownRegions = (
				en,
				Base,
			);
			mainGroup = 8EE440151EAD4E5B0064631C;
			productRefGroup = 8EE4401F1EAD4E5B0064631C /* Products */;
			projectDirPath = "";
			projectRoot = "";
			targets = (
				8EE4401D1EAD4E5B0064631C /* SSPPullToRefresh */,
			);
		};
/* End PBXProject section */

/* Begin PBXResourcesBuildPhase section */
		8EE4401C1EAD4E5B0064631C /* Resources */ = {
			isa = PBXResourcesBuildPhase;
			buildActionMask = 2147483647;
			files = (
				8EE4402C1EAD4E5B0064631C /* LaunchScreen.storyboard in Resources */,
				8EE440291EAD4E5B0064631C /* Assets.xcassets in Resources */,
				8EE440271EAD4E5B0064631C /* Main.storyboard in Resources */,
			);
			runOnlyForDeploymentPostprocessing = 0;
		};
/* End PBXResourcesBuildPhase section */

/* Begin PBXSourcesBuildPhase section */
		8EE4401A1EAD4E5B0064631C /* Sources */ = {
			isa = PBXSourcesBuildPhase;
			buildActionMask = 2147483647;
			files = (
				8EE440441EAE68700064631C /* SSPDefaultActivityView.swift in Sources */,
				8EE440421EAE68540064631C /* SSPLayerSpeedActivityView.swift in Sources */,
				8EE440351EAD4E940064631C /* SSPPullToRefreshView.swift in Sources */,
				8EE440361EAD4E940064631C /* SSPActivityIndicatorView.swift in Sources */,
				8EE440241EAD4E5B0064631C /* ViewController.swift in Sources */,
				8EE440221EAD4E5B0064631C /* AppDelegate.swift in Sources */,
			);
			runOnlyForDeploymentPostprocessing = 0;
		};
/* End PBXSourcesBuildPhase section */

/* Begin PBXVariantGroup section */
		8EE440251EAD4E5B0064631C /* Main.storyboard */ = {
			isa = PBXVariantGroup;
			children = (
				8EE440261EAD4E5B0064631C /* Base */,
			);
			name = Main.storyboard;
			sourceTree = "<group>";
		};
		8EE4402A1EAD4E5B0064631C /* LaunchScreen.storyboard */ = {
			isa = PBXVariantGroup;
			children = (
				8EE4402B1EAD4E5B0064631C /* Base */,
			);
			name = LaunchScreen.storyboard;
			sourceTree = "<group>";
		};
/* End PBXVariantGroup section */

/* Begin XCBuildConfiguration section */
		8EE4402E1EAD4E5B0064631C /* Debug */ = {
			isa = XCBuildConfiguration;
			buildSettings = {
				ALWAYS_SEARCH_USER_PATHS = NO;
				CLANG_ANALYZER_NONNULL = YES;
				CLANG_CXX_LANGUAGE_STANDARD = "gnu++0x";
				CLANG_CXX_LIBRARY = "libc++";
				CLANG_ENABLE_MODULES = YES;
				CLANG_ENABLE_OBJC_ARC = YES;
				CLANG_WARN_BOOL_CONVERSION = YES;
				CLANG_WARN_CONSTANT_CONVERSION = YES;
				CLANG_WARN_DIRECT_OBJC_ISA_USAGE = YES_ERROR;
				CLANG_WARN_DOCUMENTATION_COMMENTS = YES;
				CLANG_WARN_EMPTY_BODY = YES;
				CLANG_WARN_ENUM_CONVERSION = YES;
				CLANG_WARN_INFINITE_RECURSION = YES;
				CLANG_WARN_INT_CONVERSION = YES;
				CLANG_WARN_OBJC_ROOT_CLASS = YES_ERROR;
				CLANG_WARN_SUSPICIOUS_MOVES = YES;
				CLANG_WARN_UNREACHABLE_CODE = YES;
				CLANG_WARN__DUPLICATE_METHOD_MATCH = YES;
				"CODE_SIGN_IDENTITY[sdk=iphoneos*]" = "iPhone Developer";
				COPY_PHASE_STRIP = NO;
				DEBUG_INFORMATION_FORMAT = dwarf;
				ENABLE_STRICT_OBJC_MSGSEND = YES;
				ENABLE_TESTABILITY = YES;
				GCC_C_LANGUAGE_STANDARD = gnu99;
				GCC_DYNAMIC_NO_PIC = NO;
				GCC_NO_COMMON_BLOCKS = YES;
				GCC_OPTIMIZATION_LEVEL = 0;
				GCC_PREPROCESSOR_DEFINITIONS = (
					"DEBUG=1",
					"$(inherited)",
				);
				GCC_WARN_64_TO_32_BIT_CONVERSION = YES;
				GCC_WARN_ABOUT_RETURN_TYPE = YES_ERROR;
				GCC_WARN_UNDECLARED_SELECTOR = YES;
				GCC_WARN_UNINITIALIZED_AUTOS = YES_AGGRESSIVE;
				GCC_WARN_UNUSED_FUNCTION = YES;
				GCC_WARN_UNUSED_VARIABLE = YES;
				IPHONEOS_DEPLOYMENT_TARGET = 10.1;
				MTL_ENABLE_DEBUG_INFO = YES;
				ONLY_ACTIVE_ARCH = YES;
				SDKROOT = iphoneos;
				SWIFT_ACTIVE_COMPILATION_CONDITIONS = DEBUG;
				SWIFT_OPTIMIZATION_LEVEL = "-Onone";
				TARGETED_DEVICE_FAMILY = "1,2";
			};
			name = Debug;
		};
		8EE4402F1EAD4E5B0064631C /* Release */ = {
			isa = XCBuildConfiguration;
			buildSettings = {
				ALWAYS_SEARCH_USER_PATHS = NO;
				CLANG_ANALYZER_NONNULL = YES;
				CLANG_CXX_LANGUAGE_STANDARD = "gnu++0x";
				CLANG_CXX_LIBRARY = "libc++";
				CLANG_ENABLE_MODULES = YES;
				CLANG_ENABLE_OBJC_ARC = YES;
				CLANG_WARN_BOOL_CONVERSION = YES;
				CLANG_WARN_CONSTANT_CONVERSION = YES;
				CLANG_WARN_DIRECT_OBJC_ISA_USAGE = YES_ERROR;
				CLANG_WARN_DOCUMENTATION_COMMENTS = YES;
				CLANG_WARN_EMPTY_BODY = YES;
				CLANG_WARN_ENUM_CONVERSION = YES;
				CLANG_WARN_INFINITE_RECURSION = YES;
				CLANG_WARN_INT_CONVERSION = YES;
				CLANG_WARN_OBJC_ROOT_CLASS = YES_ERROR;
				CLANG_WARN_SUSPICIOUS_MOVES = YES;
				CLANG_WARN_UNREACHABLE_CODE = YES;
				CLANG_WARN__DUPLICATE_METHOD_MATCH = YES;
				"CODE_SIGN_IDENTITY[sdk=iphoneos*]" = "iPhone Developer";
				COPY_PHASE_STRIP = NO;
				DEBUG_INFORMATION_FORMAT = "dwarf-with-dsym";
				ENABLE_NS_ASSERTIONS = NO;
				ENABLE_STRICT_OBJC_MSGSEND = YES;
				GCC_C_LANGUAGE_STANDARD = gnu99;
				GCC_NO_COMMON_BLOCKS = YES;
				GCC_WARN_64_TO_32_BIT_CONVERSION = YES;
				GCC_WARN_ABOUT_RETURN_TYPE = YES_ERROR;
				GCC_WARN_UNDECLARED_SELECTOR = YES;
				GCC_WARN_UNINITIALIZED_AUTOS = YES_AGGRESSIVE;
				GCC_WARN_UNUSED_FUNCTION = YES;
				GCC_WARN_UNUSED_VARIABLE = YES;
				IPHONEOS_DEPLOYMENT_TARGET = 10.1;
				MTL_ENABLE_DEBUG_INFO = NO;
				SDKROOT = iphoneos;
				SWIFT_OPTIMIZATION_LEVEL = "-Owholemodule";
				TARGETED_DEVICE_FAMILY = "1,2";
				VALIDATE_PRODUCT = YES;
			};
			name = Release;
		};
		8EE440311EAD4E5B0064631C /* Debug */ = {
			isa = XCBuildConfiguration;
			buildSettings = {
				ASSETCATALOG_COMPILER_APPICON_NAME = AppIcon;
				DEVELOPMENT_TEAM = 5L27B35HEP;
				INFOPLIST_FILE = SSPPullToRefresh/Info.plist;
				LD_RUNPATH_SEARCH_PATHS = "$(inherited) @executable_path/Frameworks";
				PRODUCT_BUNDLE_IDENTIFIER = SSP.SSPPullToRefresh;
				PRODUCT_NAME = "$(TARGET_NAME)";
				SWIFT_VERSION = 3.0;
			};
			name = Debug;
		};
		8EE440321EAD4E5B0064631C /* Release */ = {
			isa = XCBuildConfiguration;
			buildSettings = {
				ASSETCATALOG_COMPILER_APPICON_NAME = AppIcon;
				DEVELOPMENT_TEAM = 5L27B35HEP;
				INFOPLIST_FILE = SSPPullToRefresh/Info.plist;
				LD_RUNPATH_SEARCH_PATHS = "$(inherited) @executable_path/Frameworks";
				PRODUCT_BUNDLE_IDENTIFIER = SSP.SSPPullToRefresh;
				PRODUCT_NAME = "$(TARGET_NAME)";
				SWIFT_VERSION = 3.0;
			};
			name = Release;
		};
/* End XCBuildConfiguration section */

/* Begin XCConfigurationList section */
		8EE440191EAD4E5B0064631C /* Build configuration list for PBXProject "SSPPullToRefresh" */ = {
			isa = XCConfigurationList;
			buildConfigurations = (
				8EE4402E1EAD4E5B0064631C /* Debug */,
				8EE4402F1EAD4E5B0064631C /* Release */,
			);
			defaultConfigurationIsVisible = 0;
			defaultConfigurationName = Release;
		};
		8EE440301EAD4E5B0064631C /* Build configuration list for PBXNativeTarget "SSPPullToRefresh" */ = {
			isa = XCConfigurationList;
			buildConfigurations = (
				8EE440311EAD4E5B0064631C /* Debug */,
				8EE440321EAD4E5B0064631C /* Release */,
			);
			defaultConfigurationIsVisible = 0;
			defaultConfigurationName = Release;
		};
/* End XCConfigurationList section */
	};
	rootObject = 8EE440161EAD4E5B0064631C /* Project object */;
}
